
Microsoft Visual Studio Solution File, Format Version 12.00
# Visual Studio Version 17
VisualStudioVersion = 17.2.32526.322
MinimumVisualStudioVersion = 10.0.40219.1
Project("{8BC9CEB8-8B4A-11D0-8D11-00A0C91BC942}") = "Midterm Practical", "Midterm Practical\Midterm Practical.vcxproj", "{22F0CC4E-700B-46CB-905E-496D2E702A99}"
EndProject
Global
	GlobalSection(SolutionConfigurationPlatforms) = preSolution
		Debug|x64 = Debug|x64
		Debug|x86 = Debug|x86
		Release|x64 = Release|x64
		Release|x86 = Release|x86
	EndGlobalSection
	GlobalSection(ProjectConfigurationPlatforms) = postSolution
		{22F0CC4E-700B-46CB-905E-496D2E702A99}.Debug|x64.ActiveCfg = Debug|x64
		{22F0CC4E-700B-46CB-905E-496D2E702A99}.Debug|x64.Build.0 = Debug|x64
		{22F0CC4E-700B-46CB-905E-496D2E702A99}.Debug|x86.ActiveCfg = Debug|Win32
		{22F0CC4E-700B-46CB-905E-496D2E702A99}.Debug|x86.Build.0 = Debug|Win32
		{22F0CC4E-700B-46CB-905E-496D2E702A99}.Release|x64.ActiveCfg = Release|x64
		{22F0CC4E-700B-46CB-905E-496D2E702A99}.Release|x64.Build.0 = Release|x64
		{22F0CC4E-700B-46CB-905E-496D2E702A99}.Release|x86.ActiveCfg = Release|Win32
		{22F0CC4E-700B-46CB-905E-496D2E702A99}.Release|x86.Build.0 = Release|Win32
	EndGlobalSection
	GlobalSection(SolutionProperties) = preSolution
		HideSolutionNode = FALSE
	EndGlobalSection
	GlobalSection(ExtensibilityGlobals) = postSolution
		SolutionGuid = {DB043355-44B3-47A2-8B23-05379952A6CB}
	EndGlobalSection
EndGlobal
